// !$*UTF8*$!
{
	archiveVersion = 1;
	classes = {
	};
	objectVersion = 46;
	objects = {

/* Begin PBXBuildFile section */
		A9015C851B5426D500396661 /* AstronomicalData.m in Sources */ = {isa = PBXBuildFile; fileRef = A9015C841B5426D500396661 /* AstronomicalData.m */; };
		A90CF4F11B507D520040D8FC /* main.m in Sources */ = {isa = PBXBuildFile; fileRef = A90CF4F01B507D520040D8FC /* main.m */; };
		A90CF4F41B507D520040D8FC /* AppDelegate.m in Sources */ = {isa = PBXBuildFile; fileRef = A90CF4F31B507D520040D8FC /* AppDelegate.m */; };
		A90CF4FA1B507D520040D8FC /* Main.storyboard in Resources */ = {isa = PBXBuildFile; fileRef = A90CF4F81B507D520040D8FC /* Main.storyboard */; };
		A90CF4FC1B507D520040D8FC /* Images.xcassets in Resources */ = {isa = PBXBuildFile; fileRef = A90CF4FB1B507D520040D8FC /* Images.xcassets */; };
		A90CF4FF1B507D520040D8FC /* LaunchScreen.xib in Resources */ = {isa = PBXBuildFile; fileRef = A90CF4FD1B507D520040D8FC /* LaunchScreen.xib */; };
		A90CF50B1B507D520040D8FC /* Out_Of_This_WorldTests.m in Sources */ = {isa = PBXBuildFile; fileRef = A90CF50A1B507D520040D8FC /* Out_Of_This_WorldTests.m */; };
		A90CF5161B507E8B0040D8FC /* OuterSpaceTableViewController.m in Sources */ = {isa = PBXBuildFile; fileRef = A90CF5151B507E8B0040D8FC /* OuterSpaceTableViewController.m */; };
/* End PBXBuildFile section */

/* Begin PBXContainerItemProxy section */
		A90CF5051B507D520040D8FC /* PBXContainerItemProxy */ = {
			isa = PBXContainerItemProxy;
			containerPortal = A90CF4E31B507D520040D8FC /* Project object */;
			proxyType = 1;
			remoteGlobalIDString = A90CF4EA1B507D520040D8FC;
			remoteInfo = "Out Of This World";
		};
/* End PBXContainerItemProxy section */

/* Begin PBXFileReference section */
		A9015C831B5426D500396661 /* AstronomicalData.h */ = {isa = PBXFileReference; fileEncoding = 4; lastKnownFileType = sourcecode.c.h; path = AstronomicalData.h; sourceTree = "<group>"; };
		A9015C841B5426D500396661 /* AstronomicalData.m */ = {isa = PBXFileReference; fileEncoding = 4; lastKnownFileType = sourcecode.c.objc; path = AstronomicalData.m; sourceTree = "<group>"; };
		A90CF4EB1B507D520040D8FC /* Out Of This World.app */ = {isa = PBXFileReference; explicitFileType = wrapper.application; includeInIndex = 0; path = "Out Of This World.app"; sourceTree = BUILT_PRODUCTS_DIR; };
		A90CF4EF1B507D520040D8FC /* Info.plist */ = {isa = PBXFileReference; lastKnownFileType = text.plist.xml; path = Info.plist; sourceTree = "<group>"; };
		A90CF4F01B507D520040D8FC /* main.m */ = {isa = PBXFileReference; lastKnownFileType = sourcecode.c.objc; path = main.m; sourceTree = "<group>"; };
		A90CF4F21B507D520040D8FC /* AppDelegate.h */ = {isa = PBXFileReference; lastKnownFileType = sourcecode.c.h; path = AppDelegate.h; sourceTree = "<group>"; };
		A90CF4F31B507D520040D8FC /* AppDelegate.m */ = {isa = PBXFileReference; lastKnownFileType = sourcecode.c.objc; path = AppDelegate.m; sourceTree = "<group>"; };
		A90CF4F91B507D520040D8FC /* Base */ = {isa = PBXFileReference; lastKnownFileType = file.storyboard; name = Base; path = Base.lproj/Main.storyboard; sourceTree = "<group>"; };
		A90CF4FB1B507D520040D8FC /* Images.xcassets */ = {isa = PBXFileReference; lastKnownFileType = folder.assetcatalog; path = Images.xcassets; sourceTree = "<group>"; };
		A90CF4FE1B507D520040D8FC /* Base */ = {isa = PBXFileReference; lastKnownFileType = file.xib; name = Base; path = Base.lproj/LaunchScreen.xib; sourceTree = "<group>"; };
		A90CF5041B507D520040D8FC /* Out Of This WorldTests.xctest */ = {isa = PBXFileReference; explicitFileType = wrapper.cfbundle; includeInIndex = 0; path = "Out Of This WorldTests.xctest"; sourceTree = BUILT_PRODUCTS_DIR; };
		A90CF5091B507D520040D8FC /* Info.plist */ = {isa = PBXFileReference; lastKnownFileType = text.plist.xml; path = Info.plist; sourceTree = "<group>"; };
		A90CF50A1B507D520040D8FC /* Out_Of_This_WorldTests.m */ = {isa = PBXFileReference; lastKnownFileType = sourcecode.c.objc; path = Out_Of_This_WorldTests.m; sourceTree = "<group>"; };
		A90CF5141B507E8B0040D8FC /* OuterSpaceTableViewController.h */ = {isa = PBXFileReference; fileEncoding = 4; lastKnownFileType = sourcecode.c.h; path = OuterSpaceTableViewController.h; sourceTree = "<group>"; };
		A90CF5151B507E8B0040D8FC /* OuterSpaceTableViewController.m */ = {isa = PBXFileReference; fileEncoding = 4; lastKnownFileType = sourcecode.c.objc; path = OuterSpaceTableViewController.m; sourceTree = "<group>"; };
/* End PBXFileReference section */

/* Begin PBXFrameworksBuildPhase section */
		A90CF4E81B507D520040D8FC /* Frameworks */ = {
			isa = PBXFrameworksBuildPhase;
			buildActionMask = 2147483647;
			files = (
			);
			runOnlyForDeploymentPostprocessing = 0;
		};
		A90CF5011B507D520040D8FC /* Frameworks */ = {
			isa = PBXFrameworksBuildPhase;
			buildActionMask = 2147483647;
			files = (
			);
			runOnlyForDeploymentPostprocessing = 0;
		};
/* End PBXFrameworksBuildPhase section */

/* Begin PBXGroup section */
		A90CF4E21B507D520040D8FC = {
			isa = PBXGroup;
			children = (
				A90CF4ED1B507D520040D8FC /* Out Of This World */,
				A90CF5071B507D520040D8FC /* Out Of This WorldTests */,
				A90CF4EC1B507D520040D8FC /* Products */,
			);
			sourceTree = "<group>";
		};
		A90CF4EC1B507D520040D8FC /* Products */ = {
			isa = PBXGroup;
			children = (
				A90CF4EB1B507D520040D8FC /* Out Of This World.app */,
				A90CF5041B507D520040D8FC /* Out Of This WorldTests.xctest */,
			);
			name = Products;
			sourceTree = "<group>";
		};
		A90CF4ED1B507D520040D8FC /* Out Of This World */ = {
			isa = PBXGroup;
			children = (
				A90CF4F21B507D520040D8FC /* AppDelegate.h */,
				A90CF4F31B507D520040D8FC /* AppDelegate.m */,
				A90CF4F81B507D520040D8FC /* Main.storyboard */,
				A90CF5141B507E8B0040D8FC /* OuterSpaceTableViewController.h */,
				A90CF5151B507E8B0040D8FC /* OuterSpaceTableViewController.m */,
				A90CF4FB1B507D520040D8FC /* Images.xcassets */,
				A90CF4FD1B507D520040D8FC /* LaunchScreen.xib */,
				A90CF4EE1B507D520040D8FC /* Supporting Files */,
			);
			path = "Out Of This World";
			sourceTree = "<group>";
		};
		A90CF4EE1B507D520040D8FC /* Supporting Files */ = {
			isa = PBXGroup;
			children = (
				A9015C831B5426D500396661 /* AstronomicalData.h */,
				A9015C841B5426D500396661 /* AstronomicalData.m */,
				A90CF4EF1B507D520040D8FC /* Info.plist */,
				A90CF4F01B507D520040D8FC /* main.m */,
			);
			name = "Supporting Files";
			sourceTree = "<group>";
		};
		A90CF5071B507D520040D8FC /* Out Of This WorldTests */ = {
			isa = PBXGroup;
			children = (
				A90CF50A1B507D520040D8FC /* Out_Of_This_WorldTests.m */,
				A90CF5081B507D520040D8FC /* Supporting Files */,
			);
			path = "Out Of This WorldTests";
			sourceTree = "<group>";
		};
		A90CF5081B507D520040D8FC /* Supporting Files */ = {
			isa = PBXGroup;
			children = (
				A90CF5091B507D520040D8FC /* Info.plist */,
			);
			name = "Supporting Files";
			sourceTree = "<group>";
		};
/* End PBXGroup section */

/* Begin PBXNativeTarget section */
		A90CF4EA1B507D520040D8FC /* Out Of This World */ = {
			isa = PBXNativeTarget;
			buildConfigurationList = A90CF50E1B507D520040D8FC /* Build configuration list for PBXNativeTarget "Out Of This World" */;
			buildPhases = (
				A90CF4E71B507D520040D8FC /* Sources */,
				A90CF4E81B507D520040D8FC /* Frameworks */,
				A90CF4E91B507D520040D8FC /* Resources */,
			);
			buildRules = (
			);
			dependencies = (
			);
			name = "Out Of This World";
			productName = "Out Of This World";
			productReference = A90CF4EB1B507D520040D8FC /* Out Of This World.app */;
			productType = "com.apple.product-type.application";
		};
		A90CF5031B507D520040D8FC /* Out Of This WorldTests */ = {
			isa = PBXNativeTarget;
			buildConfigurationList = A90CF5111B507D520040D8FC /* Build configuration list for PBXNativeTarget "Out Of This WorldTests" */;
			buildPhases = (
				A90CF5001B507D520040D8FC /* Sources */,
				A90CF5011B507D520040D8FC /* Frameworks */,
				A90CF5021B507D520040D8FC /* Resources */,
			);
			buildRules = (
			);
			dependencies = (
				A90CF5061B507D520040D8FC /* PBXTargetDependency */,
			);
			name = "Out Of This WorldTests";
			productName = "Out Of This WorldTests";
			productReference = A90CF5041B507D520040D8FC /* Out Of This WorldTests.xctest */;
			productType = "com.apple.product-type.bundle.unit-test";
		};
/* End PBXNativeTarget section */

/* Begin PBXProject section */
		A90CF4E31B507D520040D8FC /* Project object */ = {
			isa = PBXProject;
			attributes = {
				LastUpgradeCheck = 0630;
				ORGANIZATIONNAME = "Marco Ramirez";
				TargetAttributes = {
					A90CF4EA1B507D520040D8FC = {
						CreatedOnToolsVersion = 6.3.2;
					};
					A90CF5031B507D520040D8FC = {
						CreatedOnToolsVersion = 6.3.2;
						TestTargetID = A90CF4EA1B507D520040D8FC;
					};
				};
			};
			buildConfigurationList = A90CF4E61B507D520040D8FC /* Build configuration list for PBXProject "Out Of This World" */;
			compatibilityVersion = "Xcode 3.2";
			developmentRegion = English;
			hasScannedForEncodings = 0;
			knownRegions = (
				en,
				Base,
			);
			mainGroup = A90CF4E21B507D520040D8FC;
			productRefGroup = A90CF4EC1B507D520040D8FC /* Products */;
			projectDirPath = "";
			projectRoot = "";
			targets = (
				A90CF4EA1B507D520040D8FC /* Out Of This World */,
				A90CF5031B507D520040D8FC /* Out Of This WorldTests */,
			);
		};
/* End PBXProject section */

/* Begin PBXResourcesBuildPhase section */
		A90CF4E91B507D520040D8FC /* Resources */ = {
			isa = PBXResourcesBuildPhase;
			buildActionMask = 2147483647;
			files = (
				A90CF4FA1B507D520040D8FC /* Main.storyboard in Resources */,
				A90CF4FF1B507D520040D8FC /* LaunchScreen.xib in Resources */,
				A90CF4FC1B507D520040D8FC /* Images.xcassets in Resources */,
			);
			runOnlyForDeploymentPostprocessing = 0;
		};
		A90CF5021B507D520040D8FC /* Resources */ = {
			isa = PBXResourcesBuildPhase;
			buildActionMask = 2147483647;
			files = (
			);
			runOnlyForDeploymentPostprocessing = 0;
		};
/* End PBXResourcesBuildPhase section */

/* Begin PBXSourcesBuildPhase section */
		A90CF4E71B507D520040D8FC /* Sources */ = {
			isa = PBXSourcesBuildPhase;
			buildActionMask = 2147483647;
			files = (
				A90CF5161B507E8B0040D8FC /* OuterSpaceTableViewController.m in Sources */,
				A90CF4F41B507D520040D8FC /* AppDelegate.m in Sources */,
				A90CF4F11B507D520040D8FC /* main.m in Sources */,
				A9015C851B5426D500396661 /* AstronomicalData.m in Sources */,
			);
			runOnlyForDeploymentPostprocessing = 0;
		};
		A90CF5001B507D520040D8FC /* Sources */ = {
			isa = PBXSourcesBuildPhase;
			buildActionMask = 2147483647;
			files = (
				A90CF50B1B507D520040D8FC /* Out_Of_This_WorldTests.m in Sources */,
			);
			runOnlyForDeploymentPostprocessing = 0;
		};
/* End PBXSourcesBuildPhase section */

/* Begin PBXTargetDependency section */
		A90CF5061B507D520040D8FC /* PBXTargetDependency */ = {
			isa = PBXTargetDependency;
			target = A90CF4EA1B507D520040D8FC /* Out Of This World */;
			targetProxy = A90CF5051B507D520040D8FC /* PBXContainerItemProxy */;
		};
/* End PBXTargetDependency section */

/* Begin PBXVariantGroup section */
		A90CF4F81B507D520040D8FC /* Main.storyboard */ = {
			isa = PBXVariantGroup;
			children = (
				A90CF4F91B507D520040D8FC /* Base */,
			);
			name = Main.storyboard;
			sourceTree = "<group>";
		};
		A90CF4FD1B507D520040D8FC /* LaunchScreen.xib */ = {
			isa = PBXVariantGroup;
			children = (
				A90CF4FE1B507D520040D8FC /* Base */,
			);
			name = LaunchScreen.xib;
			sourceTree = "<group>";
		};
/* End PBXVariantGroup section */

/* Begin XCBuildConfiguration section */
		A90CF50C1B507D520040D8FC /* Debug */ = {
			isa = XCBuildConfiguration;
			buildSettings = {
				ALWAYS_SEARCH_USER_PATHS = NO;
				CLANG_CXX_LANGUAGE_STANDARD = "gnu++0x";
				CLANG_CXX_LIBRARY = "libc++";
				CLANG_ENABLE_MODULES = YES;
				CLANG_ENABLE_OBJC_ARC = YES;
				CLANG_WARN_BOOL_CONVERSION = YES;
				CLANG_WARN_CONSTANT_CONVERSION = YES;
				CLANG_WARN_DIRECT_OBJC_ISA_USAGE = YES_ERROR;
				CLANG_WARN_EMPTY_BODY = YES;
				CLANG_WARN_ENUM_CONVERSION = YES;
				CLANG_WARN_INT_CONVERSION = YES;
				CLANG_WARN_OBJC_ROOT_CLASS = YES_ERROR;
				CLANG_WARN_UNREACHABLE_CODE = YES;
				CLANG_WARN__DUPLICATE_METHOD_MATCH = YES;
				"CODE_SIGN_IDENTITY[sdk=iphoneos*]" = "iPhone Developer";
				COPY_PHASE_STRIP = NO;
				DEBUG_INFORMATION_FORMAT = "dwarf-with-dsym";
				ENABLE_STRICT_OBJC_MSGSEND = YES;
				GCC_C_LANGUAGE_STANDARD = gnu99;
				GCC_DYNAMIC_NO_PIC = NO;
				GCC_NO_COMMON_BLOCKS = YES;
				GCC_OPTIMIZATION_LEVEL = 0;
				GCC_PREPROCESSOR_DEFINITIONS = (
					"DEBUG=1",
					"$(inherited)",
				);
				GCC_SYMBOLS_PRIVATE_EXTERN = NO;
				GCC_WARN_64_TO_32_BIT_CONVERSION = YES;
				GCC_WARN_ABOUT_RETURN_TYPE = YES_ERROR;
				GCC_WARN_UNDECLARED_SELECTOR = YES;
				GCC_WARN_UNINITIALIZED_AUTOS = YES_AGGRESSIVE;
				GCC_WARN_UNUSED_FUNCTION = YES;
				GCC_WARN_UNUSED_VARIABLE = YES;
				IPHONEOS_DEPLOYMENT_TARGET = 8.3;
				MTL_ENABLE_DEBUG_INFO = YES;
				ONLY_ACTIVE_ARCH = YES;
				SDKROOT = iphoneos;
			};
			name = Debug;
		};
		A90CF50D1B507D520040D8FC /* Release */ = {
			isa = XCBuildConfiguration;
			buildSettings = {
				ALWAYS_SEARCH_USER_PATHS = NO;
				CLANG_CXX_LANGUAGE_STANDARD = "gnu++0x";
				CLANG_CXX_LIBRARY = "libc++";
				CLANG_ENABLE_MODULES = YES;
				CLANG_ENABLE_OBJC_ARC = YES;
				CLANG_WARN_BOOL_CONVERSION = YES;
				CLANG_WARN_CONSTANT_CONVERSION = YES;
				CLANG_WARN_DIRECT_OBJC_ISA_USAGE = YES_ERROR;
				CLANG_WARN_EMPTY_BODY = YES;
				CLANG_WARN_ENUM_CONVERSION = YES;
				CLANG_WARN_INT_CONVERSION = YES;
				CLANG_WARN_OBJC_ROOT_CLASS = YES_ERROR;
				CLANG_WARN_UNREACHABLE_CODE = YES;
				CLANG_WARN__DUPLICATE_METHOD_MATCH = YES;
				"CODE_SIGN_IDENTITY[sdk=iphoneos*]" = "iPhone Developer";
				COPY_PHASE_STRIP = NO;
				DEBUG_INFORMATION_FORMAT = "dwarf-with-dsym";
				ENABLE_NS_ASSERTIONS = NO;
				ENABLE_STRICT_OBJC_MSGSEND = YES;
				GCC_C_LANGUAGE_STANDARD = gnu99;
				GCC_NO_COMMON_BLOCKS = YES;
				GCC_WARN_64_TO_32_BIT_CONVERSION = YES;
				GCC_WARN_ABOUT_RETURN_TYPE = YES_ERROR;
				GCC_WARN_UNDECLARED_SELECTOR = YES;
				GCC_WARN_UNINITIALIZED_AUTOS = YES_AGGRESSIVE;
				GCC_WARN_UNUSED_FUNCTION = YES;
				GCC_WARN_UNUSED_VARIABLE = YES;
				IPHONEOS_DEPLOYMENT_TARGET = 8.3;
				MTL_ENABLE_DEBUG_INFO = NO;
				SDKROOT = iphoneos;
				VALIDATE_PRODUCT = YES;
			};
			name = Release;
		};
		A90CF50F1B507D520040D8FC /* Debug */ = {
			isa = XCBuildConfiguration;
			buildSettings = {
				ASSETCATALOG_COMPILER_APPICON_NAME = AppIcon;
				INFOPLIST_FILE = "Out Of This World/Info.plist";
				LD_RUNPATH_SEARCH_PATHS = "$(inherited) @executable_path/Frameworks";
				PRODUCT_NAME = "$(TARGET_NAME)";
			};
			name = Debug;
		};
		A90CF5101B507D520040D8FC /* Release */ = {
			isa = XCBuildConfiguration;
			buildSettings = {
				ASSETCATALOG_COMPILER_APPICON_NAME = AppIcon;
				INFOPLIST_FILE = "Out Of This World/Info.plist";
				LD_RUNPATH_SEARCH_PATHS = "$(inherited) @executable_path/Frameworks";
				PRODUCT_NAME = "$(TARGET_NAME)";
			};
			name = Release;
		};
		A90CF5121B507D520040D8FC /* Debug */ = {
			isa = XCBuildConfiguration;
			buildSettings = {
				BUNDLE_LOADER = "$(TEST_HOST)";
				FRAMEWORK_SEARCH_PATHS = (
					"$(SDKROOT)/Developer/Library/Frameworks",
					"$(inherited)",
				);
				GCC_PREPROCESSOR_DEFINITIONS = (
					"DEBUG=1",
					"$(inherited)",
				);
				INFOPLIST_FILE = "Out Of This WorldTests/Info.plist";
				LD_RUNPATH_SEARCH_PATHS = "$(inherited) @executable_path/Frameworks @loader_path/Frameworks";
				PRODUCT_NAME = "$(TARGET_NAME)";
				TEST_HOST = "$(BUILT_PRODUCTS_DIR)/Out Of This World.app/Out Of This World";
			};
			name = Debug;
		};
		A90CF5131B507D520040D8FC /* Release */ = {
			isa = XCBuildConfiguration;
			buildSettings = {
				BUNDLE_LOADER = "$(TEST_HOST)";
				FRAMEWORK_SEARCH_PATHS = (
					"$(SDKROOT)/Developer/Library/Frameworks",
					"$(inherited)",
				);
				INFOPLIST_FILE = "Out Of This WorldTests/Info.plist";
				LD_RUNPATH_SEARCH_PATHS = "$(inherited) @executable_path/Frameworks @loader_path/Frameworks";
				PRODUCT_NAME = "$(TARGET_NAME)";
				TEST_HOST = "$(BUILT_PRODUCTS_DIR)/Out Of This World.app/Out Of This World";
			};
			name = Release;
		};
/* End XCBuildConfiguration section */

/* Begin XCConfigurationList section */
		A90CF4E61B507D520040D8FC /* Build configuration list for PBXProject "Out Of This World" */ = {
			isa = XCConfigurationList;
			buildConfigurations = (
				A90CF50C1B507D520040D8FC /* Debug */,
				A90CF50D1B507D520040D8FC /* Release */,
			);
			defaultConfigurationIsVisible = 0;
			defaultConfigurationName = Release;
		};
		A90CF50E1B507D520040D8FC /* Build configuration list for PBXNativeTarget "Out Of This World" */ = {
			isa = XCConfigurationList;
			buildConfigurations = (
				A90CF50F1B507D520040D8FC /* Debug */,
				A90CF5101B507D520040D8FC /* Release */,
			);
			defaultConfigurationIsVisible = 0;
			defaultConfigurationName = Release;
		};
		A90CF5111B507D520040D8FC /* Build configuration list for PBXNativeTarget "Out Of This WorldTests" */ = {
			isa = XCConfigurationList;
			buildConfigurations = (
				A90CF5121B507D520040D8FC /* Debug */,
				A90CF5131B507D520040D8FC /* Release */,
			);
			defaultConfigurationIsVisible = 0;
			defaultConfigurationName = Release;
		};
/* End XCConfigurationList section */
	};
	rootObject = A90CF4E31B507D520040D8FC /* Project object */;
}
